
Microsoft Visual Studio Solution File, Format Version 12.00
# Visual Studio 14
VisualStudioVersion = 14.0.25420.1
MinimumVisualStudioVersion = 10.0.40219.1
Project("{FAE04EC0-301F-11D3-BF4B-00C04F79EFBC}") = "Desafio", "Desafio\Desafio.csproj", "{0A60FC0C-CCE8-4065-B968-636B5CF884DA}"
EndProject
Project("{2150E333-8FDC-42A3-9474-1A3956D46DE8}") = "Message", "Message", "{01C6BE94-DC9B-4D77-BA43-65B6588E06B7}"
EndProject
Project("{FAE04EC0-301F-11D3-BF4B-00C04F79EFBC}") = "Message", "Message\Message.csproj", "{C481ED5C-2DF9-411A-91E8-1A7B0C83CD4D}"
EndProject
Project("{2150E333-8FDC-42A3-9474-1A3956D46DE8}") = "Domain", "Domain", "{71C56C82-59F4-420B-8321-D6EB4E96D07F}"
EndProject
Project("{FAE04EC0-301F-11D3-BF4B-00C04F79EFBC}") = "EntityService", "EntityService\EntityService.csproj", "{5FA4BE98-9215-4E8C-9316-1CC105CD1019}"
EndProject
Project("{FAE04EC0-301F-11D3-BF4B-00C04F79EFBC}") = "Models", "Models\Models.csproj", "{36C11C46-F27A-412A-B792-B172617DC916}"
EndProject
Project("{2150E333-8FDC-42A3-9474-1A3956D46DE8}") = "Data", "Data", "{356827AF-329B-4FFD-A7EA-EA5E95ECE92A}"
EndProject
Project("{FAE04EC0-301F-11D3-BF4B-00C04F79EFBC}") = "Data", "Data\Data.csproj", "{79526588-E169-44D7-B65A-2017BDC39FEC}"
EndProject
Global
	GlobalSection(SolutionConfigurationPlatforms) = preSolution
		Debug|Any CPU = Debug|Any CPU
		Release|Any CPU = Release|Any CPU
	EndGlobalSection
	GlobalSection(ProjectConfigurationPlatforms) = postSolution
		{0A60FC0C-CCE8-4065-B968-636B5CF884DA}.Debug|Any CPU.ActiveCfg = Debug|Any CPU
		{0A60FC0C-CCE8-4065-B968-636B5CF884DA}.Debug|Any CPU.Build.0 = Debug|Any CPU
		{0A60FC0C-CCE8-4065-B968-636B5CF884DA}.Release|Any CPU.ActiveCfg = Release|Any CPU
		{0A60FC0C-CCE8-4065-B968-636B5CF884DA}.Release|Any CPU.Build.0 = Release|Any CPU
		{C481ED5C-2DF9-411A-91E8-1A7B0C83CD4D}.Debug|Any CPU.ActiveCfg = Debug|Any CPU
		{C481ED5C-2DF9-411A-91E8-1A7B0C83CD4D}.Debug|Any CPU.Build.0 = Debug|Any CPU
		{C481ED5C-2DF9-411A-91E8-1A7B0C83CD4D}.Release|Any CPU.ActiveCfg = Release|Any CPU
		{C481ED5C-2DF9-411A-91E8-1A7B0C83CD4D}.Release|Any CPU.Build.0 = Release|Any CPU
		{5FA4BE98-9215-4E8C-9316-1CC105CD1019}.Debug|Any CPU.ActiveCfg = Debug|Any CPU
		{5FA4BE98-9215-4E8C-9316-1CC105CD1019}.Debug|Any CPU.Build.0 = Debug|Any CPU
		{5FA4BE98-9215-4E8C-9316-1CC105CD1019}.Release|Any CPU.ActiveCfg = Release|Any CPU
		{5FA4BE98-9215-4E8C-9316-1CC105CD1019}.Release|Any CPU.Build.0 = Release|Any CPU
		{36C11C46-F27A-412A-B792-B172617DC916}.Debug|Any CPU.ActiveCfg = Debug|Any CPU
		{36C11C46-F27A-412A-B792-B172617DC916}.Debug|Any CPU.Build.0 = Debug|Any CPU
		{36C11C46-F27A-412A-B792-B172617DC916}.Release|Any CPU.ActiveCfg = Release|Any CPU
		{36C11C46-F27A-412A-B792-B172617DC916}.Release|Any CPU.Build.0 = Release|Any CPU
		{79526588-E169-44D7-B65A-2017BDC39FEC}.Debug|Any CPU.ActiveCfg = Debug|Any CPU
		{79526588-E169-44D7-B65A-2017BDC39FEC}.Debug|Any CPU.Build.0 = Debug|Any CPU
		{79526588-E169-44D7-B65A-2017BDC39FEC}.Release|Any CPU.ActiveCfg = Release|Any CPU
		{79526588-E169-44D7-B65A-2017BDC39FEC}.Release|Any CPU.Build.0 = Release|Any CPU
	EndGlobalSection
	GlobalSection(SolutionProperties) = preSolution
		HideSolutionNode = FALSE
	EndGlobalSection
	GlobalSection(NestedProjects) = preSolution
		{C481ED5C-2DF9-411A-91E8-1A7B0C83CD4D} = {01C6BE94-DC9B-4D77-BA43-65B6588E06B7}
		{5FA4BE98-9215-4E8C-9316-1CC105CD1019} = {71C56C82-59F4-420B-8321-D6EB4E96D07F}
		{36C11C46-F27A-412A-B792-B172617DC916} = {71C56C82-59F4-420B-8321-D6EB4E96D07F}
		{79526588-E169-44D7-B65A-2017BDC39FEC} = {356827AF-329B-4FFD-A7EA-EA5E95ECE92A}
	EndGlobalSection
EndGlobal
